
Microsoft Visual Studio Solution File, Format Version 12.00
# Visual Studio 15
VisualStudioVersion = 15.0.28307.271
MinimumVisualStudioVersion = 10.0.40219.1
Project("{FAE04EC0-301F-11D3-BF4B-00C04F79EFBC}") = "AgileTracker", "AgileTracker\AgileTracker.csproj", "{600BD940-5128-40FF-888F-A02C41CB979B}"
EndProject
Global
	GlobalSection(SolutionConfigurationPlatforms) = preSolution
		Debug|Any CPU = Debug|Any CPU
		Release|Any CPU = Release|Any CPU
	EndGlobalSection
	GlobalSection(ProjectConfigurationPlatforms) = postSolution
		{600BD940-5128-40FF-888F-A02C41CB979B}.Debug|Any CPU.ActiveCfg = Debug|Any CPU
		{600BD940-5128-40FF-888F-A02C41CB979B}.Debug|Any CPU.Build.0 = Debug|Any CPU
		{600BD940-5128-40FF-888F-A02C41CB979B}.Release|Any CPU.ActiveCfg = Release|Any CPU
		{600BD940-5128-40FF-888F-A02C41CB979B}.Release|Any CPU.Build.0 = Release|Any CPU
	EndGlobalSection
	GlobalSection(SolutionProperties) = preSolution
		HideSolutionNode = FALSE
	EndGlobalSection
	GlobalSection(ExtensibilityGlobals) = postSolution
		SolutionGuid = {BC2E1295-3F19-43ED-B97B-FD32A16C6A02}
	EndGlobalSection
EndGlobal
